{
  "name": "test",
  "version": "1.0.0",
  "lockfileVersion": 1,
  "requires": true,
  "dependencies": {
    "nipplejs": {
      "version": "0.7.1",
      "resolved": "https://registry.npmjs.org/nipplejs/-/nipplejs-0.7.1.tgz",
      "integrity": "sha512-dGKY8QIdXAlCIucVdXG3vqQLtzwcRo7NviDSuzhVmYLe/INd57MgsyYfU2kLqGQa9UqgJxaXcQptSfo4TjGM6Q=="
    }
  }
}
